{
  "name": "demoRepoC",
  "version": "1.0.0",
  "lockfileVersion": 2,
  "requires": true,
  "packages": {
    "": {
      "version": "1.0.0",
      "dependencies": {
        "demoRepoD": "ghalliday/gch-ecldemo-d#version2"
      }
    },
    "node_modules/demoRepoD": {
      "version": "1.0.0",
      "resolved": "git+ssh://git@github.com/ghalliday/gch-ecldemo-d.git#214b7a30e5b4de9c046b0a66bcb743b7dd063ae5"
    }
  },
  "dependencies": {
    "demoRepoD": {
      "version": "git+ssh://git@github.com/ghalliday/gch-ecldemo-d.git#214b7a30e5b4de9c046b0a66bcb743b7dd063ae5",
      "from": "demoRepoD@ghalliday/gch-ecldemo-d#version2"
    }
  }
}
