{
  "name": "demoRepoC",
  "version": "2.0.0",
  "lockfileVersion": 2,
  "requires": true,
  "packages": {
    "": {
      "version": "1.0.0",
      "dependencies": {
        "demoRepoD": "ghalliday/gch-ecldemo-d#version2"
      }
    },
    "demoRepoD": {
      "version": "2.0.0",
      "resolved": "git+ssh://git@github.com/ghalliday/gch-ecldemo-d.git#version2"
    }
  }
}
